
Microsoft Visual Studio Solution File, Format Version 12.00
# Visual Studio 15
VisualStudioVersion = 15.0.28307.106
MinimumVisualStudioVersion = 10.0.40219.1
Project("{FAE04EC0-301F-11D3-BF4B-00C04F79EFBC}") = "WindowsFormsApp1", "WindowsFormsApp1\WindowsFormsApp1.csproj", "{6AF5FE56-0E15-41B3-84A4-35B3B5C294E3}"
EndProject
Global
	GlobalSection(SolutionConfigurationPlatforms) = preSolution
		Debug|Any CPU = Debug|Any CPU
		Release|Any CPU = Release|Any CPU
	EndGlobalSection
	GlobalSection(ProjectConfigurationPlatforms) = postSolution
		{6AF5FE56-0E15-41B3-84A4-35B3B5C294E3}.Debug|Any CPU.ActiveCfg = Debug|Any CPU
		{6AF5FE56-0E15-41B3-84A4-35B3B5C294E3}.Debug|Any CPU.Build.0 = Debug|Any CPU
		{6AF5FE56-0E15-41B3-84A4-35B3B5C294E3}.Release|Any CPU.ActiveCfg = Release|Any CPU
		{6AF5FE56-0E15-41B3-84A4-35B3B5C294E3}.Release|Any CPU.Build.0 = Release|Any CPU
	EndGlobalSection
	GlobalSection(SolutionProperties) = preSolution
		HideSolutionNode = FALSE
	EndGlobalSection
	GlobalSection(ExtensibilityGlobals) = postSolution
		SolutionGuid = {AA511677-C255-437A-BE7D-AB3BD4121623}
	EndGlobalSection
EndGlobal
